{
  "object": {
    "pins": [
      {
        "package": "SKBashTask",
        "repositoryURL": "https://github.com/kstefanou52/SKBashTask.git",
        "state": {
          "branch": "master",
          "revision": "06ae168993be1cd6a88b0e32c09b8259c18ca140",
          "version": null
        }
      }
    ]
  },
  "version": 1
}
